
Microsoft Visual Studio Solution File, Format Version 12.00
# Visual Studio 14
VisualStudioVersion = 14.0.23107.0
MinimumVisualStudioVersion = 10.0.40219.1
Project("{FAE04EC0-301F-11D3-BF4B-00C04F79EFBC}") = "Overheads", "Overheads\Overheads.csproj", "{CC82EBF4-1F8B-45E9-883A-80AA1E969E9C}"
EndProject
Project("{FAE04EC0-301F-11D3-BF4B-00C04F79EFBC}") = "Overheads.Core", "Overheads.Core\Overheads.Core.csproj", "{FA93A7D1-9380-41D6-8787-A70D9CFC9371}"
EndProject
Project("{930C7802-8A8C-48F9-8165-68863BCCD9DD}") = "Overheads.Install", "Overheads.Install\Overheads.Install.wixproj", "{BF6BA32C-5D45-4061-B9C8-903E31889697}"
EndProject
Global
	GlobalSection(SolutionConfigurationPlatforms) = preSolution
		Debug|Any CPU = Debug|Any CPU
		Debug|Mixed Platforms = Debug|Mixed Platforms
		Debug|x86 = Debug|x86
		Release|Any CPU = Release|Any CPU
		Release|Mixed Platforms = Release|Mixed Platforms
		Release|x86 = Release|x86
	EndGlobalSection
	GlobalSection(ProjectConfigurationPlatforms) = postSolution
		{CC82EBF4-1F8B-45E9-883A-80AA1E969E9C}.Debug|Any CPU.ActiveCfg = Debug|Any CPU
		{CC82EBF4-1F8B-45E9-883A-80AA1E969E9C}.Debug|Any CPU.Build.0 = Debug|Any CPU
		{CC82EBF4-1F8B-45E9-883A-80AA1E969E9C}.Debug|Mixed Platforms.ActiveCfg = Debug|Any CPU
		{CC82EBF4-1F8B-45E9-883A-80AA1E969E9C}.Debug|Mixed Platforms.Build.0 = Debug|Any CPU
		{CC82EBF4-1F8B-45E9-883A-80AA1E969E9C}.Debug|x86.ActiveCfg = Debug|Any CPU
		{CC82EBF4-1F8B-45E9-883A-80AA1E969E9C}.Release|Any CPU.ActiveCfg = Release|Any CPU
		{CC82EBF4-1F8B-45E9-883A-80AA1E969E9C}.Release|Any CPU.Build.0 = Release|Any CPU
		{CC82EBF4-1F8B-45E9-883A-80AA1E969E9C}.Release|Mixed Platforms.ActiveCfg = Release|Any CPU
		{CC82EBF4-1F8B-45E9-883A-80AA1E969E9C}.Release|Mixed Platforms.Build.0 = Release|Any CPU
		{CC82EBF4-1F8B-45E9-883A-80AA1E969E9C}.Release|x86.ActiveCfg = Release|Any CPU
		{FA93A7D1-9380-41D6-8787-A70D9CFC9371}.Debug|Any CPU.ActiveCfg = Debug|Any CPU
		{FA93A7D1-9380-41D6-8787-A70D9CFC9371}.Debug|Any CPU.Build.0 = Debug|Any CPU
		{FA93A7D1-9380-41D6-8787-A70D9CFC9371}.Debug|Mixed Platforms.ActiveCfg = Debug|Any CPU
		{FA93A7D1-9380-41D6-8787-A70D9CFC9371}.Debug|Mixed Platforms.Build.0 = Debug|Any CPU
		{FA93A7D1-9380-41D6-8787-A70D9CFC9371}.Debug|x86.ActiveCfg = Debug|Any CPU
		{FA93A7D1-9380-41D6-8787-A70D9CFC9371}.Release|Any CPU.ActiveCfg = Release|Any CPU
		{FA93A7D1-9380-41D6-8787-A70D9CFC9371}.Release|Any CPU.Build.0 = Release|Any CPU
		{FA93A7D1-9380-41D6-8787-A70D9CFC9371}.Release|Mixed Platforms.ActiveCfg = Release|Any CPU
		{FA93A7D1-9380-41D6-8787-A70D9CFC9371}.Release|Mixed Platforms.Build.0 = Release|Any CPU
		{FA93A7D1-9380-41D6-8787-A70D9CFC9371}.Release|x86.ActiveCfg = Release|Any CPU
		{BF6BA32C-5D45-4061-B9C8-903E31889697}.Debug|Any CPU.ActiveCfg = Debug|x86
		{BF6BA32C-5D45-4061-B9C8-903E31889697}.Debug|Mixed Platforms.ActiveCfg = Debug|x86
		{BF6BA32C-5D45-4061-B9C8-903E31889697}.Debug|Mixed Platforms.Build.0 = Debug|x86
		{BF6BA32C-5D45-4061-B9C8-903E31889697}.Debug|x86.ActiveCfg = Debug|x86
		{BF6BA32C-5D45-4061-B9C8-903E31889697}.Debug|x86.Build.0 = Debug|x86
		{BF6BA32C-5D45-4061-B9C8-903E31889697}.Release|Any CPU.ActiveCfg = Release|x86
		{BF6BA32C-5D45-4061-B9C8-903E31889697}.Release|Mixed Platforms.ActiveCfg = Release|x86
		{BF6BA32C-5D45-4061-B9C8-903E31889697}.Release|Mixed Platforms.Build.0 = Release|x86
		{BF6BA32C-5D45-4061-B9C8-903E31889697}.Release|x86.ActiveCfg = Release|x86
		{BF6BA32C-5D45-4061-B9C8-903E31889697}.Release|x86.Build.0 = Release|x86
	EndGlobalSection
	GlobalSection(SolutionProperties) = preSolution
		HideSolutionNode = FALSE
	EndGlobalSection
EndGlobal
